
Microsoft Visual Studio Solution File, Format Version 12.00
# Visual Studio Version 16
VisualStudioVersion = 16.0.29613.14
MinimumVisualStudioVersion = 10.0.40219.1
Project("{FAE04EC0-301F-11D3-BF4B-00C04F79EFBC}") = "calculator", "calculator.csproj", "{B44F4C87-AD58-4B69-8EC6-B0B7DAE7AE52}"
EndProject
Global
	GlobalSection(SolutionConfigurationPlatforms) = preSolution
		Debug|Any CPU = Debug|Any CPU
		Release|Any CPU = Release|Any CPU
	EndGlobalSection
	GlobalSection(ProjectConfigurationPlatforms) = postSolution
		{B44F4C87-AD58-4B69-8EC6-B0B7DAE7AE52}.Debug|Any CPU.ActiveCfg = Debug|Any CPU
		{B44F4C87-AD58-4B69-8EC6-B0B7DAE7AE52}.Debug|Any CPU.Build.0 = Debug|Any CPU
		{B44F4C87-AD58-4B69-8EC6-B0B7DAE7AE52}.Release|Any CPU.ActiveCfg = Release|Any CPU
		{B44F4C87-AD58-4B69-8EC6-B0B7DAE7AE52}.Release|Any CPU.Build.0 = Release|Any CPU
	EndGlobalSection
	GlobalSection(SolutionProperties) = preSolution
		HideSolutionNode = FALSE
	EndGlobalSection
	GlobalSection(ExtensibilityGlobals) = postSolution
		SolutionGuid = {AE950344-62C2-4448-8F90-8B20EC28B68D}
	EndGlobalSection
EndGlobal
